
Microsoft Visual Studio Solution File, Format Version 12.00
# Visual Studio 14
VisualStudioVersion = 14.0.24720.0
MinimumVisualStudioVersion = 10.0.40219.1
Project("{FAE04EC0-301F-11D3-BF4B-00C04F79EFBC}") = "WindowsFormsApplication3", "WindowsFormsApplication3\WindowsFormsApplication3.csproj", "{E090428C-E8A2-45BA-AB49-E1F04147339A}"
EndProject
Global
	GlobalSection(SolutionConfigurationPlatforms) = preSolution
		Debug|Any CPU = Debug|Any CPU
		Release|Any CPU = Release|Any CPU
	EndGlobalSection
	GlobalSection(ProjectConfigurationPlatforms) = postSolution
		{E090428C-E8A2-45BA-AB49-E1F04147339A}.Debug|Any CPU.ActiveCfg = Debug|Any CPU
		{E090428C-E8A2-45BA-AB49-E1F04147339A}.Debug|Any CPU.Build.0 = Debug|Any CPU
		{E090428C-E8A2-45BA-AB49-E1F04147339A}.Release|Any CPU.ActiveCfg = Release|Any CPU
		{E090428C-E8A2-45BA-AB49-E1F04147339A}.Release|Any CPU.Build.0 = Release|Any CPU
	EndGlobalSection
	GlobalSection(SolutionProperties) = preSolution
		HideSolutionNode = FALSE
	EndGlobalSection
EndGlobal
